
Microsoft Visual Studio Solution File, Format Version 12.00
# Visual Studio Version 17
VisualStudioVersion = 17.8.34322.80
MinimumVisualStudioVersion = 10.0.40219.1
Project("{FAE04EC0-301F-11D3-BF4B-00C04F79EFBC}") = "BecomeADeveloperTest", "BecomeADeveloperTest.csproj", "{BE202153-10D4-4F55-8170-E76556238820}"
EndProject
Global
	GlobalSection(SolutionConfigurationPlatforms) = preSolution
		Debug|Any CPU = Debug|Any CPU
		Release|Any CPU = Release|Any CPU
	EndGlobalSection
	GlobalSection(ProjectConfigurationPlatforms) = postSolution
		{BE202153-10D4-4F55-8170-E76556238820}.Debug|Any CPU.ActiveCfg = Debug|Any CPU
		{BE202153-10D4-4F55-8170-E76556238820}.Debug|Any CPU.Build.0 = Debug|Any CPU
		{BE202153-10D4-4F55-8170-E76556238820}.Release|Any CPU.ActiveCfg = Release|Any CPU
		{BE202153-10D4-4F55-8170-E76556238820}.Release|Any CPU.Build.0 = Release|Any CPU
	EndGlobalSection
	GlobalSection(SolutionProperties) = preSolution
		HideSolutionNode = FALSE
	EndGlobalSection
	GlobalSection(ExtensibilityGlobals) = postSolution
		SolutionGuid = {166745FE-8890-422F-BA26-BA4C2BC05A3B}
	EndGlobalSection
EndGlobal
